
Microsoft Visual Studio Solution File, Format Version 12.00
# Visual Studio Version 17
VisualStudioVersion = 17.11.35327.3
MinimumVisualStudioVersion = 10.0.40219.1
Project("{FAE04EC0-301F-11D3-BF4B-00C04F79EFBC}") = "ConsoleApp2", "ConsoleApp2.csproj", "{676BA30A-3049-42EA-B5D1-C0267936C398}"
EndProject
Global
	GlobalSection(SolutionConfigurationPlatforms) = preSolution
		Debug|Any CPU = Debug|Any CPU
		Release|Any CPU = Release|Any CPU
	EndGlobalSection
	GlobalSection(ProjectConfigurationPlatforms) = postSolution
		{676BA30A-3049-42EA-B5D1-C0267936C398}.Debug|Any CPU.ActiveCfg = Debug|Any CPU
		{676BA30A-3049-42EA-B5D1-C0267936C398}.Debug|Any CPU.Build.0 = Debug|Any CPU
		{676BA30A-3049-42EA-B5D1-C0267936C398}.Release|Any CPU.ActiveCfg = Release|Any CPU
		{676BA30A-3049-42EA-B5D1-C0267936C398}.Release|Any CPU.Build.0 = Release|Any CPU
	EndGlobalSection
	GlobalSection(SolutionProperties) = preSolution
		HideSolutionNode = FALSE
	EndGlobalSection
	GlobalSection(ExtensibilityGlobals) = postSolution
		SolutionGuid = {956E002C-EBF2-486F-AA2C-7321492C7D36}
	EndGlobalSection
EndGlobal
